
Microsoft Visual Studio Solution File, Format Version 12.00
# Visual Studio Version 17
VisualStudioVersion = 17.14.36811.4 d17.14
MinimumVisualStudioVersion = 10.0.40219.1
Project("{FAE04EC0-301F-11D3-BF4B-00C04F79EFBC}") = "DeltaControllerConsole", "DeltaControllerConsole\DeltaControllerConsole.csproj", "{30FCAC89-5019-46F5-8E05-F077E0EB1A84}"
EndProject
Global
	GlobalSection(SolutionConfigurationPlatforms) = preSolution
		Debug|Any CPU = Debug|Any CPU
		Release|Any CPU = Release|Any CPU
	EndGlobalSection
	GlobalSection(ProjectConfigurationPlatforms) = postSolution
		{30FCAC89-5019-46F5-8E05-F077E0EB1A84}.Debug|Any CPU.ActiveCfg = Debug|Any CPU
		{30FCAC89-5019-46F5-8E05-F077E0EB1A84}.Debug|Any CPU.Build.0 = Debug|Any CPU
		{30FCAC89-5019-46F5-8E05-F077E0EB1A84}.Release|Any CPU.ActiveCfg = Release|Any CPU
		{30FCAC89-5019-46F5-8E05-F077E0EB1A84}.Release|Any CPU.Build.0 = Release|Any CPU
	EndGlobalSection
	GlobalSection(SolutionProperties) = preSolution
		HideSolutionNode = FALSE
	EndGlobalSection
	GlobalSection(ExtensibilityGlobals) = postSolution
		SolutionGuid = {7102EBE9-D80D-421A-BE41-D783081BB2C6}
	EndGlobalSection
EndGlobal
